// !$*UTF8*$!
{
	archiveVersion = 1;
	classes = {
	};
	objectVersion = 50;
	objects = {

/* Begin PBXBuildFile section */
		9997993B26E5770A00213FAA /* AppDelegate.swift in Sources */ = {isa = PBXBuildFile; fileRef = 9997993A26E5770A00213FAA /* AppDelegate.swift */; };
		9997993E26E5770A00213FAA /* Main.storyboard in Resources */ = {isa = PBXBuildFile; fileRef = 9997993C26E5770A00213FAA /* Main.storyboard */; };
		9997994026E5770A00213FAA /* ViewController.swift in Sources */ = {isa = PBXBuildFile; fileRef = 9997993F26E5770A00213FAA /* ViewController.swift */; };
		9997994226E5770B00213FAA /* Assets.xcassets in Resources */ = {isa = PBXBuildFile; fileRef = 9997994126E5770B00213FAA /* Assets.xcassets */; };
		9997994926E5770B00213FAA /* SponsorBlock for YouTube Extension.appex in Embed App Extensions */ = {isa = PBXBuildFile; fileRef = 9997994826E5770B00213FAA /* SponsorBlock for YouTube Extension.appex */; settings = {ATTRIBUTES = (RemoveHeadersOnCopy, ); }; };
		9997994E26E5770B00213FAA /* Cocoa.framework in Frameworks */ = {isa = PBXBuildFile; fileRef = 9997994D26E5770B00213FAA /* Cocoa.framework */; };
		9997995126E5770B00213FAA /* SafariWebExtensionHandler.swift in Sources */ = {isa = PBXBuildFile; fileRef = 9997995026E5770B00213FAA /* SafariWebExtensionHandler.swift */; };
		9997996A26E5770C00213FAA /* options in Resources */ = {isa = PBXBuildFile; fileRef = 9997995E26E5770C00213FAA /* options */; };
		9997996B26E5770C00213FAA /* oss-attribution in Resources */ = {isa = PBXBuildFile; fileRef = 9997995F26E5770C00213FAA /* oss-attribution */; };
		9997996C26E5770C00213FAA /* content.css in Resources */ = {isa = PBXBuildFile; fileRef = 9997996026E5770C00213FAA /* content.css */; };
		9997996D26E5770C00213FAA /* js in Resources */ = {isa = PBXBuildFile; fileRef = 9997996126E5770C00213FAA /* js */; };
		9997996E26E5770C00213FAA /* popup.html in Resources */ = {isa = PBXBuildFile; fileRef = 9997996226E5770C00213FAA /* popup.html */; };
		9997996F26E5770C00213FAA /* permissions in Resources */ = {isa = PBXBuildFile; fileRef = 9997996326E5770C00213FAA /* permissions */; };
		9997997026E5770C00213FAA /* libs in Resources */ = {isa = PBXBuildFile; fileRef = 9997996426E5770C00213FAA /* libs */; };
		9997997126E5770C00213FAA /* icons in Resources */ = {isa = PBXBuildFile; fileRef = 9997996526E5770C00213FAA /* icons */; };
		9997997226E5770C00213FAA /* manifest.json in Resources */ = {isa = PBXBuildFile; fileRef = 9997996626E5770C00213FAA /* manifest.json */; };
		9997997326E5770C00213FAA /* popup.css in Resources */ = {isa = PBXBuildFile; fileRef = 9997996726E5770C00213FAA /* popup.css */; };
		9997997426E5770C00213FAA /* _locales in Resources */ = {isa = PBXBuildFile; fileRef = 9997996826E5770C00213FAA /* _locales */; };
		9997997526E5770C00213FAA /* help in Resources */ = {isa = PBXBuildFile; fileRef = 9997996926E5770C00213FAA /* help */; };
/* End PBXBuildFile section */

/* Begin PBXContainerItemProxy section */
		9997994A26E5770B00213FAA /* PBXContainerItemProxy */ = {
			isa = PBXContainerItemProxy;
			containerPortal = 9997992E26E5770900213FAA /* Project object */;
			proxyType = 1;
			remoteGlobalIDString = 9997994726E5770B00213FAA;
			remoteInfo = "SponsorBlock for YouTube - Skip Sponsorships Extension";
		};
/* End PBXContainerItemProxy section */

/* Begin PBXCopyFilesBuildPhase section */
		9997995926E5770B00213FAA /* Embed App Extensions */ = {
			isa = PBXCopyFilesBuildPhase;
			buildActionMask = 2147483647;
			dstPath = "";
			dstSubfolderSpec = 13;
			files = (
				9997994926E5770B00213FAA /* SponsorBlock for YouTube Extension.appex in Embed App Extensions */,
			);
			name = "Embed App Extensions";
			runOnlyForDeploymentPostprocessing = 0;
		};
/* End PBXCopyFilesBuildPhase section */

/* Begin PBXFileReference section */
		9997993626E5770A00213FAA /* SponsorBlock for YouTube.app */ = {isa = PBXFileReference; explicitFileType = wrapper.application; includeInIndex = 0; path = "SponsorBlock for YouTube.app"; sourceTree = BUILT_PRODUCTS_DIR; };
		9997993926E5770A00213FAA /* SponsorBlock_for_YouTube___Skip_Sponsorships.entitlements */ = {isa = PBXFileReference; lastKnownFileType = text.plist.entitlements; path = "SponsorBlock_for_YouTube___Skip_Sponsorships.entitlements"; sourceTree = "<group>"; };
		9997993A26E5770A00213FAA /* AppDelegate.swift */ = {isa = PBXFileReference; lastKnownFileType = sourcecode.swift; path = AppDelegate.swift; sourceTree = "<group>"; };
		9997993D26E5770A00213FAA /* Base */ = {isa = PBXFileReference; lastKnownFileType = file.storyboard; name = Base; path = Base.lproj/Main.storyboard; sourceTree = "<group>"; };
		9997993F26E5770A00213FAA /* ViewController.swift */ = {isa = PBXFileReference; lastKnownFileType = sourcecode.swift; path = ViewController.swift; sourceTree = "<group>"; };
		9997994126E5770B00213FAA /* Assets.xcassets */ = {isa = PBXFileReference; lastKnownFileType = folder.assetcatalog; path = Assets.xcassets; sourceTree = "<group>"; };
		9997994326E5770B00213FAA /* Info.plist */ = {isa = PBXFileReference; lastKnownFileType = text.plist.xml; path = Info.plist; sourceTree = "<group>"; };
		9997994826E5770B00213FAA /* SponsorBlock for YouTube Extension.appex */ = {isa = PBXFileReference; explicitFileType = "wrapper.app-extension"; includeInIndex = 0; path = "SponsorBlock for YouTube Extension.appex"; sourceTree = BUILT_PRODUCTS_DIR; };
		9997994D26E5770B00213FAA /* Cocoa.framework */ = {isa = PBXFileReference; lastKnownFileType = wrapper.framework; name = Cocoa.framework; path = System/Library/Frameworks/Cocoa.framework; sourceTree = SDKROOT; };
		9997995026E5770B00213FAA /* SafariWebExtensionHandler.swift */ = {isa = PBXFileReference; lastKnownFileType = sourcecode.swift; path = SafariWebExtensionHandler.swift; sourceTree = "<group>"; };
		9997995226E5770B00213FAA /* Info.plist */ = {isa = PBXFileReference; lastKnownFileType = text.plist.xml; path = Info.plist; sourceTree = "<group>"; };
		9997995326E5770B00213FAA /* SponsorBlock_for_YouTube___Skip_Sponsorships_Extension.entitlements */ = {isa = PBXFileReference; lastKnownFileType = text.plist.entitlements; path = "SponsorBlock_for_YouTube___Skip_Sponsorships_Extension.entitlements"; sourceTree = "<group>"; };
		9997995E26E5770C00213FAA /* options */ = {isa = PBXFileReference; lastKnownFileType = folder; name = options; path = ../../SponsorBlock/dist/options; sourceTree = "<group>"; };
		9997995F26E5770C00213FAA /* oss-attribution */ = {isa = PBXFileReference; lastKnownFileType = folder; name = "oss-attribution"; path = "../../SponsorBlock/dist/oss-attribution"; sourceTree = "<group>"; };
		9997996026E5770C00213FAA /* content.css */ = {isa = PBXFileReference; lastKnownFileType = text.css; name = content.css; path = ../../SponsorBlock/dist/content.css; sourceTree = "<group>"; };
		9997996126E5770C00213FAA /* js */ = {isa = PBXFileReference; lastKnownFileType = folder; name = js; path = ../../SponsorBlock/dist/js; sourceTree = "<group>"; };
		9997996226E5770C00213FAA /* popup.html */ = {isa = PBXFileReference; lastKnownFileType = text.html; name = popup.html; path = ../../SponsorBlock/dist/popup.html; sourceTree = "<group>"; };
		9997996326E5770C00213FAA /* permissions */ = {isa = PBXFileReference; lastKnownFileType = folder; name = permissions; path = ../../SponsorBlock/dist/permissions; sourceTree = "<group>"; };
		9997996426E5770C00213FAA /* libs */ = {isa = PBXFileReference; lastKnownFileType = folder; name = libs; path = ../../SponsorBlock/dist/libs; sourceTree = "<group>"; };
		9997996526E5770C00213FAA /* icons */ = {isa = PBXFileReference; lastKnownFileType = folder; name = icons; path = ../../SponsorBlock/dist/icons; sourceTree = "<group>"; };
		9997996626E5770C00213FAA /* manifest.json */ = {isa = PBXFileReference; lastKnownFileType = text.json; name = manifest.json; path = ../../SponsorBlock/dist/manifest.json; sourceTree = "<group>"; };
		9997996726E5770C00213FAA /* popup.css */ = {isa = PBXFileReference; lastKnownFileType = text.css; name = popup.css; path = ../../SponsorBlock/dist/popup.css; sourceTree = "<group>"; };
		9997996826E5770C00213FAA /* _locales */ = {isa = PBXFileReference; lastKnownFileType = folder; name = _locales; path = ../../SponsorBlock/dist/_locales; sourceTree = "<group>"; };
		9997996926E5770C00213FAA /* help */ = {isa = PBXFileReference; lastKnownFileType = folder; name = help; path = ../../SponsorBlock/dist/help; sourceTree = "<group>"; };
/* End PBXFileReference section */

/* Begin PBXFrameworksBuildPhase section */
		9997993326E5770A00213FAA /* Frameworks */ = {
			isa = PBXFrameworksBuildPhase;
			buildActionMask = 2147483647;
			files = (
			);
			runOnlyForDeploymentPostprocessing = 0;
		};
		9997994526E5770B00213FAA /* Frameworks */ = {
			isa = PBXFrameworksBuildPhase;
			buildActionMask = 2147483647;
			files = (
				9997994E26E5770B00213FAA /* Cocoa.framework in Frameworks */,
			);
			runOnlyForDeploymentPostprocessing = 0;
		};
/* End PBXFrameworksBuildPhase section */

/* Begin PBXGroup section */
		9997992D26E5770900213FAA = {
			isa = PBXGroup;
			children = (
				9997993826E5770A00213FAA /* SponsorBlock for YouTube - Skip Sponsorships */,
				9997994F26E5770B00213FAA /* SponsorBlock for YouTube - Skip Sponsorships Extension */,
				9997994C26E5770B00213FAA /* Frameworks */,
				9997993726E5770A00213FAA /* Products */,
			);
			sourceTree = "<group>";
		};
		9997993726E5770A00213FAA /* Products */ = {
			isa = PBXGroup;
			children = (
				9997993626E5770A00213FAA /* SponsorBlock for YouTube.app */,
				9997994826E5770B00213FAA /* SponsorBlock for YouTube Extension.appex */,
			);
			name = Products;
			sourceTree = "<group>";
		};
		9997993826E5770A00213FAA /* SponsorBlock for YouTube - Skip Sponsorships */ = {
			isa = PBXGroup;
			children = (
				9997993926E5770A00213FAA /* SponsorBlock_for_YouTube___Skip_Sponsorships.entitlements */,
				9997993A26E5770A00213FAA /* AppDelegate.swift */,
				9997993C26E5770A00213FAA /* Main.storyboard */,
				9997993F26E5770A00213FAA /* ViewController.swift */,
				9997994126E5770B00213FAA /* Assets.xcassets */,
				9997994326E5770B00213FAA /* Info.plist */,
			);
			path = "SponsorBlock for YouTube - Skip Sponsorships";
			sourceTree = "<group>";
		};
		9997994C26E5770B00213FAA /* Frameworks */ = {
			isa = PBXGroup;
			children = (
				9997994D26E5770B00213FAA /* Cocoa.framework */,
			);
			name = Frameworks;
			sourceTree = "<group>";
		};
		9997994F26E5770B00213FAA /* SponsorBlock for YouTube - Skip Sponsorships Extension */ = {
			isa = PBXGroup;
			children = (
				9997995D26E5770C00213FAA /* Resources */,
				9997995026E5770B00213FAA /* SafariWebExtensionHandler.swift */,
				9997995226E5770B00213FAA /* Info.plist */,
				9997995326E5770B00213FAA /* SponsorBlock_for_YouTube___Skip_Sponsorships_Extension.entitlements */,
			);
			path = "SponsorBlock for YouTube - Skip Sponsorships Extension";
			sourceTree = "<group>";
		};
		9997995D26E5770C00213FAA /* Resources */ = {
			isa = PBXGroup;
			children = (
				9997995E26E5770C00213FAA /* options */,
				9997995F26E5770C00213FAA /* oss-attribution */,
				9997996026E5770C00213FAA /* content.css */,
				9997996126E5770C00213FAA /* js */,
				9997996226E5770C00213FAA /* popup.html */,
				9997996326E5770C00213FAA /* permissions */,
				9997996426E5770C00213FAA /* libs */,
				9997996526E5770C00213FAA /* icons */,
				9997996626E5770C00213FAA /* manifest.json */,
				9997996726E5770C00213FAA /* popup.css */,
				9997996826E5770C00213FAA /* _locales */,
				9997996926E5770C00213FAA /* help */,
			);
			name = Resources;
			path = "SponsorBlock for YouTube - Skip Sponsorships Extension";
			sourceTree = SOURCE_ROOT;
		};
/* End PBXGroup section */

/* Begin PBXNativeTarget section */
		9997993526E5770A00213FAA /* SponsorBlock for YouTube */ = {
			isa = PBXNativeTarget;
			buildConfigurationList = 9997995A26E5770B00213FAA /* Build configuration list for PBXNativeTarget "SponsorBlock for YouTube" */;
			buildPhases = (
				9997993226E5770A00213FAA /* Sources */,
				9997993326E5770A00213FAA /* Frameworks */,
				9997993426E5770A00213FAA /* Resources */,
				9997995926E5770B00213FAA /* Embed App Extensions */,
			);
			buildRules = (
			);
			dependencies = (
				9997994B26E5770B00213FAA /* PBXTargetDependency */,
			);
			name = "SponsorBlock for YouTube";
			productName = "SponsorBlock for YouTube - Skip Sponsorships";
			productReference = 9997993626E5770A00213FAA /* SponsorBlock for YouTube.app */;
			productType = "com.apple.product-type.application";
		};
		9997994726E5770B00213FAA /* SponsorBlock for YouTube Extension */ = {
			isa = PBXNativeTarget;
			buildConfigurationList = 9997995626E5770B00213FAA /* Build configuration list for PBXNativeTarget "SponsorBlock for YouTube Extension" */;
			buildPhases = (
				9997994426E5770B00213FAA /* Sources */,
				9997994526E5770B00213FAA /* Frameworks */,
				9997994626E5770B00213FAA /* Resources */,
			);
			buildRules = (
			);
			dependencies = (
			);
			name = "SponsorBlock for YouTube Extension";
			productName = "SponsorBlock for YouTube - Skip Sponsorships Extension";
			productReference = 9997994826E5770B00213FAA /* SponsorBlock for YouTube Extension.appex */;
			productType = "com.apple.product-type.app-extension";
		};
/* End PBXNativeTarget section */

/* Begin PBXProject section */
		9997992E26E5770900213FAA /* Project object */ = {
			isa = PBXProject;
			attributes = {
				LastSwiftUpdateCheck = 1240;
				LastUpgradeCheck = 1240;
				TargetAttributes = {
					9997993526E5770A00213FAA = {
						CreatedOnToolsVersion = 12.4;
					};
					9997994726E5770B00213FAA = {
						CreatedOnToolsVersion = 12.4;
					};
				};
			};
			buildConfigurationList = 9997993126E5770900213FAA /* Build configuration list for PBXProject "SponsorBlock for YouTube" */;
			compatibilityVersion = "Xcode 9.3";
			developmentRegion = en;
			hasScannedForEncodings = 0;
			knownRegions = (
				en,
				Base,
			);
			mainGroup = 9997992D26E5770900213FAA;
			productRefGroup = 9997993726E5770A00213FAA /* Products */;
			projectDirPath = "";
			projectRoot = "";
			targets = (
				9997993526E5770A00213FAA /* SponsorBlock for YouTube */,
				9997994726E5770B00213FAA /* SponsorBlock for YouTube Extension */,
			);
		};
/* End PBXProject section */

/* Begin PBXResourcesBuildPhase section */
		9997993426E5770A00213FAA /* Resources */ = {
			isa = PBXResourcesBuildPhase;
			buildActionMask = 2147483647;
			files = (
				9997994226E5770B00213FAA /* Assets.xcassets in Resources */,
				9997993E26E5770A00213FAA /* Main.storyboard in Resources */,
			);
			runOnlyForDeploymentPostprocessing = 0;
		};
		9997994626E5770B00213FAA /* Resources */ = {
			isa = PBXResourcesBuildPhase;
			buildActionMask = 2147483647;
			files = (
				9997997326E5770C00213FAA /* popup.css in Resources */,
				9997996C26E5770C00213FAA /* content.css in Resources */,
				9997997126E5770C00213FAA /* icons in Resources */,
				9997996F26E5770C00213FAA /* permissions in Resources */,
				9997996E26E5770C00213FAA /* popup.html in Resources */,
				9997997526E5770C00213FAA /* help in Resources */,
				9997997226E5770C00213FAA /* manifest.json in Resources */,
				9997996B26E5770C00213FAA /* oss-attribution in Resources */,
				9997997026E5770C00213FAA /* libs in Resources */,
				9997996A26E5770C00213FAA /* options in Resources */,
				9997997426E5770C00213FAA /* _locales in Resources */,
				9997996D26E5770C00213FAA /* js in Resources */,
			);
			runOnlyForDeploymentPostprocessing = 0;
		};
/* End PBXResourcesBuildPhase section */

/* Begin PBXSourcesBuildPhase section */
		9997993226E5770A00213FAA /* Sources */ = {
			isa = PBXSourcesBuildPhase;
			buildActionMask = 2147483647;
			files = (
				9997994026E5770A00213FAA /* ViewController.swift in Sources */,
				9997993B26E5770A00213FAA /* AppDelegate.swift in Sources */,
			);
			runOnlyForDeploymentPostprocessing = 0;
		};
		9997994426E5770B00213FAA /* Sources */ = {
			isa = PBXSourcesBuildPhase;
			buildActionMask = 2147483647;
			files = (
				9997995126E5770B00213FAA /* SafariWebExtensionHandler.swift in Sources */,
			);
			runOnlyForDeploymentPostprocessing = 0;
		};
/* End PBXSourcesBuildPhase section */

/* Begin PBXTargetDependency section */
		9997994B26E5770B00213FAA /* PBXTargetDependency */ = {
			isa = PBXTargetDependency;
			target = 9997994726E5770B00213FAA /* SponsorBlock for YouTube Extension */;
			targetProxy = 9997994A26E5770B00213FAA /* PBXContainerItemProxy */;
		};
/* End PBXTargetDependency section */

/* Begin PBXVariantGroup section */
		9997993C26E5770A00213FAA /* Main.storyboard */ = {
			isa = PBXVariantGroup;
			children = (
				9997993D26E5770A00213FAA /* Base */,
			);
			name = Main.storyboard;
			sourceTree = "<group>";
		};
/* End PBXVariantGroup section */

/* Begin XCBuildConfiguration section */
		9997995426E5770B00213FAA /* Debug */ = {
			isa = XCBuildConfiguration;
			buildSettings = {
				ALWAYS_SEARCH_USER_PATHS = NO;
				CLANG_ANALYZER_NONNULL = YES;
				CLANG_ANALYZER_NUMBER_OBJECT_CONVERSION = YES_AGGRESSIVE;
				CLANG_CXX_LANGUAGE_STANDARD = "gnu++14";
				CLANG_CXX_LIBRARY = "libc++";
				CLANG_ENABLE_MODULES = YES;
				CLANG_ENABLE_OBJC_ARC = YES;
				CLANG_ENABLE_OBJC_WEAK = YES;
				CLANG_WARN_BLOCK_CAPTURE_AUTORELEASING = YES;
				CLANG_WARN_BOOL_CONVERSION = YES;
				CLANG_WARN_COMMA = YES;
				CLANG_WARN_CONSTANT_CONVERSION = YES;
				CLANG_WARN_DEPRECATED_OBJC_IMPLEMENTATIONS = YES;
				CLANG_WARN_DIRECT_OBJC_ISA_USAGE = YES_ERROR;
				CLANG_WARN_DOCUMENTATION_COMMENTS = YES;
				CLANG_WARN_EMPTY_BODY = YES;
				CLANG_WARN_ENUM_CONVERSION = YES;
				CLANG_WARN_INFINITE_RECURSION = YES;
				CLANG_WARN_INT_CONVERSION = YES;
				CLANG_WARN_NON_LITERAL_NULL_CONVERSION = YES;
				CLANG_WARN_OBJC_IMPLICIT_RETAIN_SELF = YES;
				CLANG_WARN_OBJC_LITERAL_CONVERSION = YES;
				CLANG_WARN_OBJC_ROOT_CLASS = YES_ERROR;
				CLANG_WARN_QUOTED_INCLUDE_IN_FRAMEWORK_HEADER = YES;
				CLANG_WARN_RANGE_LOOP_ANALYSIS = YES;
				CLANG_WARN_STRICT_PROTOTYPES = YES;
				CLANG_WARN_SUSPICIOUS_MOVE = YES;
				CLANG_WARN_UNGUARDED_AVAILABILITY = YES_AGGRESSIVE;
				CLANG_WARN_UNREACHABLE_CODE = YES;
				CLANG_WARN__DUPLICATE_METHOD_MATCH = YES;
				COPY_PHASE_STRIP = NO;
				DEBUG_INFORMATION_FORMAT = dwarf;
				ENABLE_STRICT_OBJC_MSGSEND = YES;
				ENABLE_TESTABILITY = YES;
				GCC_C_LANGUAGE_STANDARD = gnu11;
				GCC_DYNAMIC_NO_PIC = NO;
				GCC_NO_COMMON_BLOCKS = YES;
				GCC_OPTIMIZATION_LEVEL = 0;
				GCC_PREPROCESSOR_DEFINITIONS = (
					"DEBUG=1",
					"$(inherited)",
				);
				GCC_WARN_64_TO_32_BIT_CONVERSION = YES;
				GCC_WARN_ABOUT_RETURN_TYPE = YES_ERROR;
				GCC_WARN_UNDECLARED_SELECTOR = YES;
				GCC_WARN_UNINITIALIZED_AUTOS = YES_AGGRESSIVE;
				GCC_WARN_UNUSED_FUNCTION = YES;
				GCC_WARN_UNUSED_VARIABLE = YES;
				MACOSX_DEPLOYMENT_TARGET = 10.15;
				MTL_ENABLE_DEBUG_INFO = INCLUDE_SOURCE;
				MTL_FAST_MATH = YES;
				ONLY_ACTIVE_ARCH = YES;
				SDKROOT = macosx;
				SWIFT_ACTIVE_COMPILATION_CONDITIONS = DEBUG;
				SWIFT_OPTIMIZATION_LEVEL = "-Onone";
			};
			name = Debug;
		};
		9997995526E5770B00213FAA /* Release */ = {
			isa = XCBuildConfiguration;
			buildSettings = {
				ALWAYS_SEARCH_USER_PATHS = NO;
				CLANG_ANALYZER_NONNULL = YES;
				CLANG_ANALYZER_NUMBER_OBJECT_CONVERSION = YES_AGGRESSIVE;
				CLANG_CXX_LANGUAGE_STANDARD = "gnu++14";
				CLANG_CXX_LIBRARY = "libc++";
				CLANG_ENABLE_MODULES = YES;
				CLANG_ENABLE_OBJC_ARC = YES;
				CLANG_ENABLE_OBJC_WEAK = YES;
				CLANG_WARN_BLOCK_CAPTURE_AUTORELEASING = YES;
				CLANG_WARN_BOOL_CONVERSION = YES;
				CLANG_WARN_COMMA = YES;
				CLANG_WARN_CONSTANT_CONVERSION = YES;
				CLANG_WARN_DEPRECATED_OBJC_IMPLEMENTATIONS = YES;
				CLANG_WARN_DIRECT_OBJC_ISA_USAGE = YES_ERROR;
				CLANG_WARN_DOCUMENTATION_COMMENTS = YES;
				CLANG_WARN_EMPTY_BODY = YES;
				CLANG_WARN_ENUM_CONVERSION = YES;
				CLANG_WARN_INFINITE_RECURSION = YES;
				CLANG_WARN_INT_CONVERSION = YES;
				CLANG_WARN_NON_LITERAL_NULL_CONVERSION = YES;
				CLANG_WARN_OBJC_IMPLICIT_RETAIN_SELF = YES;
				CLANG_WARN_OBJC_LITERAL_CONVERSION = YES;
				CLANG_WARN_OBJC_ROOT_CLASS = YES_ERROR;
				CLANG_WARN_QUOTED_INCLUDE_IN_FRAMEWORK_HEADER = YES;
				CLANG_WARN_RANGE_LOOP_ANALYSIS = YES;
				CLANG_WARN_STRICT_PROTOTYPES = YES;
				CLANG_WARN_SUSPICIOUS_MOVE = YES;
				CLANG_WARN_UNGUARDED_AVAILABILITY = YES_AGGRESSIVE;
				CLANG_WARN_UNREACHABLE_CODE = YES;
				CLANG_WARN__DUPLICATE_METHOD_MATCH = YES;
				COPY_PHASE_STRIP = NO;
				DEBUG_INFORMATION_FORMAT = "dwarf-with-dsym";
				ENABLE_NS_ASSERTIONS = NO;
				ENABLE_STRICT_OBJC_MSGSEND = YES;
				GCC_C_LANGUAGE_STANDARD = gnu11;
				GCC_NO_COMMON_BLOCKS = YES;
				GCC_WARN_64_TO_32_BIT_CONVERSION = YES;
				GCC_WARN_ABOUT_RETURN_TYPE = YES_ERROR;
				GCC_WARN_UNDECLARED_SELECTOR = YES;
				GCC_WARN_UNINITIALIZED_AUTOS = YES_AGGRESSIVE;
				GCC_WARN_UNUSED_FUNCTION = YES;
				GCC_WARN_UNUSED_VARIABLE = YES;
				MACOSX_DEPLOYMENT_TARGET = 10.15;
				MTL_ENABLE_DEBUG_INFO = NO;
				MTL_FAST_MATH = YES;
				SDKROOT = macosx;
				SWIFT_COMPILATION_MODE = wholemodule;
				SWIFT_OPTIMIZATION_LEVEL = "-O";
			};
			name = Release;
		};
		9997995726E5770B00213FAA /* Debug */ = {
			isa = XCBuildConfiguration;
			buildSettings = {
				CODE_SIGN_ENTITLEMENTS = "SponsorBlock for YouTube - Skip Sponsorships Extension/SponsorBlock_for_YouTube___Skip_Sponsorships_Extension.entitlements";
				CODE_SIGN_STYLE = Automatic;
				CURRENT_PROJECT_VERSION = 15;
				INFOPLIST_FILE = "SponsorBlock for YouTube - Skip Sponsorships Extension/Info.plist";
				LD_RUNPATH_SEARCH_PATHS = (
					"$(inherited)",
					"@executable_path/../Frameworks",
					"@executable_path/../../../../Frameworks",
				);
				MACOSX_DEPLOYMENT_TARGET = 10.14;
				MARKETING_VERSION = 3.4.1;
				PRODUCT_BUNDLE_IDENTIFIER = app.ajay.sponsor.macos.extension;
				PRODUCT_NAME = "$(TARGET_NAME)";
				SKIP_INSTALL = YES;
				SWIFT_VERSION = 5.0;
			};
			name = Debug;
		};
		9997995826E5770B00213FAA /* Release */ = {
			isa = XCBuildConfiguration;
			buildSettings = {
				CODE_SIGN_ENTITLEMENTS = "SponsorBlock for YouTube - Skip Sponsorships Extension/SponsorBlock_for_YouTube___Skip_Sponsorships_Extension.entitlements";
				CODE_SIGN_STYLE = Automatic;
				CURRENT_PROJECT_VERSION = 15;
				INFOPLIST_FILE = "SponsorBlock for YouTube - Skip Sponsorships Extension/Info.plist";
				LD_RUNPATH_SEARCH_PATHS = (
					"$(inherited)",
					"@executable_path/../Frameworks",
					"@executable_path/../../../../Frameworks",
				);
				MACOSX_DEPLOYMENT_TARGET = 10.14;
				MARKETING_VERSION = 3.4.1;
				PRODUCT_BUNDLE_IDENTIFIER = app.ajay.sponsor.macos.extension;
				PRODUCT_NAME = "$(TARGET_NAME)";
				SKIP_INSTALL = YES;
				SWIFT_VERSION = 5.0;
			};
			name = Release;
		};
		9997995B26E5770B00213FAA /* Debug */ = {
			isa = XCBuildConfiguration;
			buildSettings = {
				ALWAYS_EMBED_SWIFT_STANDARD_LIBRARIES = YES;
				ASSETCATALOG_COMPILER_APPICON_NAME = AppIcon;
				ASSETCATALOG_COMPILER_GLOBAL_ACCENT_COLOR_NAME = AccentColor;
				CODE_SIGN_ENTITLEMENTS = "SponsorBlock for YouTube - Skip Sponsorships/SponsorBlock_for_YouTube___Skip_Sponsorships.entitlements";
				CODE_SIGN_STYLE = Automatic;
				COMBINE_HIDPI_IMAGES = YES;
				CURRENT_PROJECT_VERSION = 15;
				INFOPLIST_FILE = "SponsorBlock for YouTube - Skip Sponsorships/Info.plist";
				LD_RUNPATH_SEARCH_PATHS = (
					"$(inherited)",
					"@executable_path/../Frameworks",
				);
				MACOSX_DEPLOYMENT_TARGET = 10.14;
				MARKETING_VERSION = 3.4.1;
				PRODUCT_BUNDLE_IDENTIFIER = app.ajay.sponsor.macos;
				PRODUCT_NAME = "$(TARGET_NAME)";
				SWIFT_VERSION = 5.0;
			};
			name = Debug;
		};
		9997995C26E5770B00213FAA /* Release */ = {
			isa = XCBuildConfiguration;
			buildSettings = {
				ALWAYS_EMBED_SWIFT_STANDARD_LIBRARIES = YES;
				ASSETCATALOG_COMPILER_APPICON_NAME = AppIcon;
				ASSETCATALOG_COMPILER_GLOBAL_ACCENT_COLOR_NAME = AccentColor;
				CODE_SIGN_ENTITLEMENTS = "SponsorBlock for YouTube - Skip Sponsorships/SponsorBlock_for_YouTube___Skip_Sponsorships.entitlements";
				CODE_SIGN_STYLE = Automatic;
				COMBINE_HIDPI_IMAGES = YES;
				CURRENT_PROJECT_VERSION = 15;
				INFOPLIST_FILE = "SponsorBlock for YouTube - Skip Sponsorships/Info.plist";
				LD_RUNPATH_SEARCH_PATHS = (
					"$(inherited)",
					"@executable_path/../Frameworks",
				);
				MACOSX_DEPLOYMENT_TARGET = 10.14;
				MARKETING_VERSION = 3.4.1;
				PRODUCT_BUNDLE_IDENTIFIER = app.ajay.sponsor.macos;
				PRODUCT_NAME = "$(TARGET_NAME)";
				SWIFT_VERSION = 5.0;
			};
			name = Release;
		};
/* End XCBuildConfiguration section */

/* Begin XCConfigurationList section */
		9997993126E5770900213FAA /* Build configuration list for PBXProject "SponsorBlock for YouTube" */ = {
			isa = XCConfigurationList;
			buildConfigurations = (
				9997995426E5770B00213FAA /* Debug */,
				9997995526E5770B00213FAA /* Release */,
			);
			defaultConfigurationIsVisible = 0;
			defaultConfigurationName = Release;
		};
		9997995626E5770B00213FAA /* Build configuration list for PBXNativeTarget "SponsorBlock for YouTube Extension" */ = {
			isa = XCConfigurationList;
			buildConfigurations = (
				9997995726E5770B00213FAA /* Debug */,
				9997995826E5770B00213FAA /* Release */,
			);
			defaultConfigurationIsVisible = 0;
			defaultConfigurationName = Release;
		};
		9997995A26E5770B00213FAA /* Build configuration list for PBXNativeTarget "SponsorBlock for YouTube" */ = {
			isa = XCConfigurationList;
			buildConfigurations = (
				9997995B26E5770B00213FAA /* Debug */,
				9997995C26E5770B00213FAA /* Release */,
			);
			defaultConfigurationIsVisible = 0;
			defaultConfigurationName = Release;
		};
/* End XCConfigurationList section */
	};
	rootObject = 9997992E26E5770900213FAA /* Project object */;
}
